
Microsoft Visual Studio Solution File, Format Version 12.00
# Visual Studio Version 17
VisualStudioVersion = 17.5.2.0
MinimumVisualStudioVersion = 10.0.40219.1
Project("{FAE04EC0-301F-11D3-BF4B-00C04F79EFBC}") = "SimpleStockMarket", "SimpleStockMarket\SimpleStockMarket.csproj", "{8F03B945-C751-F7DD-669D-DC5E5B7E8BAB}"
EndProject
Project("{2150E333-8FDC-42A3-9474-1A3956D46DE8}") = "Tests", "Tests", "{0AB3BF05-4346-4AA6-1389-037BE0695223}"
EndProject
Project("{FAE04EC0-301F-11D3-BF4B-00C04F79EFBC}") = "SimpleStockMarket.Tests", "Tests\SimpleStockMarket.Tests\SimpleStockMarket.Tests.csproj", "{F114B5FE-9851-4E0B-BCA0-BD85250D7281}"
EndProject
Global
	GlobalSection(SolutionConfigurationPlatforms) = preSolution
		Debug|Any CPU = Debug|Any CPU
		Debug|x64 = Debug|x64
		Debug|x86 = Debug|x86
		Release|Any CPU = Release|Any CPU
		Release|x64 = Release|x64
		Release|x86 = Release|x86
	EndGlobalSection
	GlobalSection(ProjectConfigurationPlatforms) = postSolution
		{8F03B945-C751-F7DD-669D-DC5E5B7E8BAB}.Debug|Any CPU.ActiveCfg = Debug|Any CPU
		{8F03B945-C751-F7DD-669D-DC5E5B7E8BAB}.Debug|Any CPU.Build.0 = Debug|Any CPU
		{8F03B945-C751-F7DD-669D-DC5E5B7E8BAB}.Debug|x64.ActiveCfg = Debug|Any CPU
		{8F03B945-C751-F7DD-669D-DC5E5B7E8BAB}.Debug|x64.Build.0 = Debug|Any CPU
		{8F03B945-C751-F7DD-669D-DC5E5B7E8BAB}.Debug|x86.ActiveCfg = Debug|Any CPU
		{8F03B945-C751-F7DD-669D-DC5E5B7E8BAB}.Debug|x86.Build.0 = Debug|Any CPU
		{8F03B945-C751-F7DD-669D-DC5E5B7E8BAB}.Release|Any CPU.ActiveCfg = Release|Any CPU
		{8F03B945-C751-F7DD-669D-DC5E5B7E8BAB}.Release|Any CPU.Build.0 = Release|Any CPU
		{8F03B945-C751-F7DD-669D-DC5E5B7E8BAB}.Release|x64.ActiveCfg = Release|Any CPU
		{8F03B945-C751-F7DD-669D-DC5E5B7E8BAB}.Release|x64.Build.0 = Release|Any CPU
		{8F03B945-C751-F7DD-669D-DC5E5B7E8BAB}.Release|x86.ActiveCfg = Release|Any CPU
		{8F03B945-C751-F7DD-669D-DC5E5B7E8BAB}.Release|x86.Build.0 = Release|Any CPU
		{F114B5FE-9851-4E0B-BCA0-BD85250D7281}.Debug|Any CPU.ActiveCfg = Debug|Any CPU
		{F114B5FE-9851-4E0B-BCA0-BD85250D7281}.Debug|Any CPU.Build.0 = Debug|Any CPU
		{F114B5FE-9851-4E0B-BCA0-BD85250D7281}.Debug|x64.ActiveCfg = Debug|Any CPU
		{F114B5FE-9851-4E0B-BCA0-BD85250D7281}.Debug|x64.Build.0 = Debug|Any CPU
		{F114B5FE-9851-4E0B-BCA0-BD85250D7281}.Debug|x86.ActiveCfg = Debug|Any CPU
		{F114B5FE-9851-4E0B-BCA0-BD85250D7281}.Debug|x86.Build.0 = Debug|Any CPU
		{F114B5FE-9851-4E0B-BCA0-BD85250D7281}.Release|Any CPU.ActiveCfg = Release|Any CPU
		{F114B5FE-9851-4E0B-BCA0-BD85250D7281}.Release|Any CPU.Build.0 = Release|Any CPU
		{F114B5FE-9851-4E0B-BCA0-BD85250D7281}.Release|x64.ActiveCfg = Release|Any CPU
		{F114B5FE-9851-4E0B-BCA0-BD85250D7281}.Release|x64.Build.0 = Release|Any CPU
		{F114B5FE-9851-4E0B-BCA0-BD85250D7281}.Release|x86.ActiveCfg = Release|Any CPU
		{F114B5FE-9851-4E0B-BCA0-BD85250D7281}.Release|x86.Build.0 = Release|Any CPU
	EndGlobalSection
	GlobalSection(SolutionProperties) = preSolution
		HideSolutionNode = FALSE
	EndGlobalSection
	GlobalSection(NestedProjects) = preSolution
		{F114B5FE-9851-4E0B-BCA0-BD85250D7281} = {0AB3BF05-4346-4AA6-1389-037BE0695223}
	EndGlobalSection
	GlobalSection(ExtensibilityGlobals) = postSolution
		SolutionGuid = {EF0FFCE1-D58B-4636-BF63-FAE20AEE8BE7}
	EndGlobalSection
EndGlobal
